
Microsoft Visual Studio Solution File, Format Version 12.00
# Visual Studio Version 16
VisualStudioVersion = 16.0.31112.23
MinimumVisualStudioVersion = 10.0.40219.1
Project("{FAE04EC0-301F-11D3-BF4B-00C04F79EFBC}") = "TestCursovoi", "TestCursovoi\TestCursovoi.csproj", "{4A468CC7-8693-4073-8EDD-AD0E4F2DA920}"
EndProject
Project("{FAE04EC0-301F-11D3-BF4B-00C04F79EFBC}") = "DBWorkLogic", "DBWorkLogic\DBWorkLogic.csproj", "{55C34884-AD2D-4FF8-AEC4-F2E4AA7D470E}"
EndProject
Global
	GlobalSection(SolutionConfigurationPlatforms) = preSolution
		Debug|Any CPU = Debug|Any CPU
		Release|Any CPU = Release|Any CPU
	EndGlobalSection
	GlobalSection(ProjectConfigurationPlatforms) = postSolution
		{4A468CC7-8693-4073-8EDD-AD0E4F2DA920}.Debug|Any CPU.ActiveCfg = Debug|Any CPU
		{4A468CC7-8693-4073-8EDD-AD0E4F2DA920}.Debug|Any CPU.Build.0 = Debug|Any CPU
		{4A468CC7-8693-4073-8EDD-AD0E4F2DA920}.Release|Any CPU.ActiveCfg = Release|Any CPU
		{4A468CC7-8693-4073-8EDD-AD0E4F2DA920}.Release|Any CPU.Build.0 = Release|Any CPU
		{55C34884-AD2D-4FF8-AEC4-F2E4AA7D470E}.Debug|Any CPU.ActiveCfg = Debug|Any CPU
		{55C34884-AD2D-4FF8-AEC4-F2E4AA7D470E}.Debug|Any CPU.Build.0 = Debug|Any CPU
		{55C34884-AD2D-4FF8-AEC4-F2E4AA7D470E}.Release|Any CPU.ActiveCfg = Release|Any CPU
		{55C34884-AD2D-4FF8-AEC4-F2E4AA7D470E}.Release|Any CPU.Build.0 = Release|Any CPU
	EndGlobalSection
	GlobalSection(SolutionProperties) = preSolution
		HideSolutionNode = FALSE
	EndGlobalSection
	GlobalSection(ExtensibilityGlobals) = postSolution
		SolutionGuid = {81EB583F-06BB-4062-A73D-4AC472B6D433}
	EndGlobalSection
EndGlobal
